// !$*UTF8*$!
{
	archiveVersion = 1;
	classes = {
	};
	objectVersion = 46;
	objects = {

/* Begin PBXBuildFile section */
		B262C13516B3F772002D4FEC /* external.c in Sources */ = {isa = PBXBuildFile; fileRef = B262C13316B3F772002D4FEC /* external.c */; };
		B2662DBD17684D1100E9A174 /* Foundation.framework in Frameworks */ = {isa = PBXBuildFile; fileRef = B2662DBC17684D1100E9A174 /* Foundation.framework */; };
		B2662DE217684D8900E9A174 /* dump.c in Sources */ = {isa = PBXBuildFile; fileRef = B2FFECA916EC9C2F005E495C /* dump.c */; };
		B2662DE317684D8900E9A174 /* error.c in Sources */ = {isa = PBXBuildFile; fileRef = B2FFECAA16EC9C2F005E495C /* error.c */; };
		B2662DE417684D8900E9A174 /* hashtable.c in Sources */ = {isa = PBXBuildFile; fileRef = B2FFECAB16EC9C2F005E495C /* hashtable.c */; };
		B2662DE517684D8900E9A174 /* load.c in Sources */ = {isa = PBXBuildFile; fileRef = B2FFECAC16EC9C2F005E495C /* load.c */; };
		B2662DE617684D8900E9A174 /* memory.c in Sources */ = {isa = PBXBuildFile; fileRef = B2FFECAD16EC9C2F005E495C /* memory.c */; };
		B2662DE717684D8900E9A174 /* pack_unpack.c in Sources */ = {isa = PBXBuildFile; fileRef = B2FFECAE16EC9C2F005E495C /* pack_unpack.c */; };
		B2662DE817684D8900E9A174 /* strbuffer.c in Sources */ = {isa = PBXBuildFile; fileRef = B2FFECAF16EC9C2F005E495C /* strbuffer.c */; };
		B2662DE917684D8900E9A174 /* strconv.c in Sources */ = {isa = PBXBuildFile; fileRef = B2FFECB016EC9C2F005E495C /* strconv.c */; };
		B2662DEA17684D8900E9A174 /* utf.c in Sources */ = {isa = PBXBuildFile; fileRef = B2FFECB116EC9C2F005E495C /* utf.c */; };
		B2662DEB17684D8900E9A174 /* value.c in Sources */ = {isa = PBXBuildFile; fileRef = B2FFECB216EC9C2F005E495C /* value.c */; };
		B2662DEC17684D8900E9A174 /* mergJSON.c in Sources */ = {isa = PBXBuildFile; fileRef = B285232F16B3FBF500159A3F /* mergJSON.c */; };
		B2662DED17684D8900E9A174 /* external.c in Sources */ = {isa = PBXBuildFile; fileRef = B262C13316B3F772002D4FEC /* external.c */; };
		B285233016B3FBF500159A3F /* mergJSON.c in Sources */ = {isa = PBXBuildFile; fileRef = B285232F16B3FBF500159A3F /* mergJSON.c */; };
		B28F3C9716B3F5E1009D2F35 /* InfoPlist.strings in Resources */ = {isa = PBXBuildFile; fileRef = B28F3C9516B3F5E1009D2F35 /* InfoPlist.strings */; };
		B2B54CA7176EAD490047920A /* dump.c in Sources */ = {isa = PBXBuildFile; fileRef = B2FFECA916EC9C2F005E495C /* dump.c */; };
		B2B54CA8176EAD490047920A /* error.c in Sources */ = {isa = PBXBuildFile; fileRef = B2FFECAA16EC9C2F005E495C /* error.c */; };
		B2B54CA9176EAD490047920A /* hashtable.c in Sources */ = {isa = PBXBuildFile; fileRef = B2FFECAB16EC9C2F005E495C /* hashtable.c */; };
		B2B54CAA176EAD490047920A /* load.c in Sources */ = {isa = PBXBuildFile; fileRef = B2FFECAC16EC9C2F005E495C /* load.c */; };
		B2B54CAB176EAD490047920A /* memory.c in Sources */ = {isa = PBXBuildFile; fileRef = B2FFECAD16EC9C2F005E495C /* memory.c */; };
		B2B54CAC176EAD490047920A /* pack_unpack.c in Sources */ = {isa = PBXBuildFile; fileRef = B2FFECAE16EC9C2F005E495C /* pack_unpack.c */; };
		B2B54CAD176EAD490047920A /* strbuffer.c in Sources */ = {isa = PBXBuildFile; fileRef = B2FFECAF16EC9C2F005E495C /* strbuffer.c */; };
		B2B54CAE176EAD490047920A /* strconv.c in Sources */ = {isa = PBXBuildFile; fileRef = B2FFECB016EC9C2F005E495C /* strconv.c */; };
		B2B54CAF176EAD490047920A /* utf.c in Sources */ = {isa = PBXBuildFile; fileRef = B2FFECB116EC9C2F005E495C /* utf.c */; };
		B2B54CB0176EAD490047920A /* value.c in Sources */ = {isa = PBXBuildFile; fileRef = B2FFECB216EC9C2F005E495C /* value.c */; };
		B2B54CB1176EAD4E0047920A /* mergJSON.c in Sources */ = {isa = PBXBuildFile; fileRef = B285232F16B3FBF500159A3F /* mergJSON.c */; };
		B2B54CB2176EAD4E0047920A /* external.c in Sources */ = {isa = PBXBuildFile; fileRef = B262C13316B3F772002D4FEC /* external.c */; };
		B2C267A020EE2FCA00FB4F3D /* jansson_private_config.h in Sources */ = {isa = PBXBuildFile; fileRef = B2C2679F20EE2FCA00FB4F3D /* jansson_private_config.h */; };
		B2C267A120EE2FCA00FB4F3D /* jansson_private_config.h in Sources */ = {isa = PBXBuildFile; fileRef = B2C2679F20EE2FCA00FB4F3D /* jansson_private_config.h */; };
		B2C267A220EE2FCA00FB4F3D /* jansson_private_config.h in Sources */ = {isa = PBXBuildFile; fileRef = B2C2679F20EE2FCA00FB4F3D /* jansson_private_config.h */; };
		B2C267A420EE311100FB4F3D /* hashtable_seed.c in Sources */ = {isa = PBXBuildFile; fileRef = B2C267A320EE311100FB4F3D /* hashtable_seed.c */; };
		B2C267A520EE311100FB4F3D /* hashtable_seed.c in Sources */ = {isa = PBXBuildFile; fileRef = B2C267A320EE311100FB4F3D /* hashtable_seed.c */; };
		B2C267A620EE311100FB4F3D /* hashtable_seed.c in Sources */ = {isa = PBXBuildFile; fileRef = B2C267A320EE311100FB4F3D /* hashtable_seed.c */; };
		B2FFECB316EC9C2F005E495C /* dump.c in Sources */ = {isa = PBXBuildFile; fileRef = B2FFECA916EC9C2F005E495C /* dump.c */; };
		B2FFECB416EC9C2F005E495C /* error.c in Sources */ = {isa = PBXBuildFile; fileRef = B2FFECAA16EC9C2F005E495C /* error.c */; };
		B2FFECB516EC9C2F005E495C /* hashtable.c in Sources */ = {isa = PBXBuildFile; fileRef = B2FFECAB16EC9C2F005E495C /* hashtable.c */; };
		B2FFECB616EC9C2F005E495C /* load.c in Sources */ = {isa = PBXBuildFile; fileRef = B2FFECAC16EC9C2F005E495C /* load.c */; };
		B2FFECB716EC9C2F005E495C /* memory.c in Sources */ = {isa = PBXBuildFile; fileRef = B2FFECAD16EC9C2F005E495C /* memory.c */; };
		B2FFECB816EC9C2F005E495C /* pack_unpack.c in Sources */ = {isa = PBXBuildFile; fileRef = B2FFECAE16EC9C2F005E495C /* pack_unpack.c */; };
		B2FFECB916EC9C2F005E495C /* strbuffer.c in Sources */ = {isa = PBXBuildFile; fileRef = B2FFECAF16EC9C2F005E495C /* strbuffer.c */; };
		B2FFECBA16EC9C2F005E495C /* strconv.c in Sources */ = {isa = PBXBuildFile; fileRef = B2FFECB016EC9C2F005E495C /* strconv.c */; };
		B2FFECBB16EC9C2F005E495C /* utf.c in Sources */ = {isa = PBXBuildFile; fileRef = B2FFECB116EC9C2F005E495C /* utf.c */; };
		B2FFECBC16EC9C2F005E495C /* value.c in Sources */ = {isa = PBXBuildFile; fileRef = B2FFECB216EC9C2F005E495C /* value.c */; };
/* End PBXBuildFile section */

/* Begin PBXCopyFilesBuildPhase section */
		B2662DB917684D1100E9A174 /* CopyFiles */ = {
			isa = PBXCopyFilesBuildPhase;
			buildActionMask = 2147483647;
			dstPath = "include/${PRODUCT_NAME}";
			dstSubfolderSpec = 16;
			files = (
			);
			runOnlyForDeploymentPostprocessing = 0;
		};
/* End PBXCopyFilesBuildPhase section */

/* Begin PBXFileReference section */
		B22BC37D16EF3B8D00865342 /* jansson_config.h */ = {isa = PBXFileReference; fileEncoding = 4; lastKnownFileType = sourcecode.objj.h; path = jansson_config.h; sourceTree = "<group>"; };
		B22BC38016EF3DF200865342 /* jansson.h */ = {isa = PBXFileReference; fileEncoding = 4; lastKnownFileType = sourcecode.objj.h; name = jansson.h; path = mergJSON/jansson/src/jansson.h; sourceTree = "<group>"; };
		B22BC38116EF3DF200865342 /* hashtable.h */ = {isa = PBXFileReference; fileEncoding = 4; lastKnownFileType = sourcecode.objj.h; name = hashtable.h; path = mergJSON/jansson/src/hashtable.h; sourceTree = "<group>"; };
		B22BC38216EF3DF200865342 /* jansson_private.h */ = {isa = PBXFileReference; fileEncoding = 4; lastKnownFileType = sourcecode.objj.h; name = jansson_private.h; path = mergJSON/jansson/src/jansson_private.h; sourceTree = "<group>"; };
		B22BC38316EF3DF200865342 /* strbuffer.h */ = {isa = PBXFileReference; fileEncoding = 4; lastKnownFileType = sourcecode.objj.h; name = strbuffer.h; path = mergJSON/jansson/src/strbuffer.h; sourceTree = "<group>"; };
		B22BC38416EF3DF200865342 /* utf.h */ = {isa = PBXFileReference; fileEncoding = 4; lastKnownFileType = sourcecode.objj.h; name = utf.h; path = mergJSON/jansson/src/utf.h; sourceTree = "<group>"; };
		B262C13316B3F772002D4FEC /* external.c */ = {isa = PBXFileReference; fileEncoding = 4; lastKnownFileType = sourcecode.c.c; path = external.c; sourceTree = "<group>"; };
		B262C13416B3F772002D4FEC /* external.h */ = {isa = PBXFileReference; fileEncoding = 4; lastKnownFileType = sourcecode.c.h; path = external.h; sourceTree = "<group>"; };
		B2662DBB17684D1100E9A174 /* libmergJSON.a */ = {isa = PBXFileReference; explicitFileType = archive.ar; includeInIndex = 0; path = libmergJSON.a; sourceTree = BUILT_PRODUCTS_DIR; };
		B2662DBC17684D1100E9A174 /* Foundation.framework */ = {isa = PBXFileReference; lastKnownFileType = wrapper.framework; name = Foundation.framework; path = System/Library/Frameworks/Foundation.framework; sourceTree = SDKROOT; };
		B2662DCB17684D1100E9A174 /* SenTestingKit.framework */ = {isa = PBXFileReference; lastKnownFileType = wrapper.framework; name = SenTestingKit.framework; path = Library/Frameworks/SenTestingKit.framework; sourceTree = DEVELOPER_DIR; };
		B2662DCD17684D1100E9A174 /* UIKit.framework */ = {isa = PBXFileReference; lastKnownFileType = wrapper.framework; name = UIKit.framework; path = Library/Frameworks/UIKit.framework; sourceTree = DEVELOPER_DIR; };
		B285232F16B3FBF500159A3F /* mergJSON.c */ = {isa = PBXFileReference; fileEncoding = 4; lastKnownFileType = sourcecode.c.c; path = mergJSON.c; sourceTree = "<group>"; };
		B28F3C8D16B3F5E1009D2F35 /* mergJSON.bundle */ = {isa = PBXFileReference; explicitFileType = wrapper.cfbundle; includeInIndex = 0; path = mergJSON.bundle; sourceTree = BUILT_PRODUCTS_DIR; };
		B28F3C9016B3F5E1009D2F35 /* CoreFoundation.framework */ = {isa = PBXFileReference; lastKnownFileType = wrapper.framework; name = CoreFoundation.framework; path = System/Library/Frameworks/CoreFoundation.framework; sourceTree = SDKROOT; };
		B28F3C9416B3F5E1009D2F35 /* mergJSON-Info.plist */ = {isa = PBXFileReference; lastKnownFileType = text.plist.xml; path = "mergJSON-Info.plist"; sourceTree = "<group>"; };
		B28F3C9616B3F5E1009D2F35 /* en */ = {isa = PBXFileReference; lastKnownFileType = text.plist.strings; name = en; path = en.lproj/InfoPlist.strings; sourceTree = "<group>"; };
		B2B54CA3176EAD1C0047920A /* mergJSON.dylib */ = {isa = PBXFileReference; explicitFileType = "compiled.mach-o.dylib"; includeInIndex = 0; path = mergJSON.dylib; sourceTree = BUILT_PRODUCTS_DIR; };
		B2C2679F20EE2FCA00FB4F3D /* jansson_private_config.h */ = {isa = PBXFileReference; fileEncoding = 4; lastKnownFileType = sourcecode.objj.h; path = jansson_private_config.h; sourceTree = "<group>"; };
		B2C267A320EE311100FB4F3D /* hashtable_seed.c */ = {isa = PBXFileReference; fileEncoding = 4; lastKnownFileType = sourcecode.c.c; name = hashtable_seed.c; path = mergJSON/jansson/src/hashtable_seed.c; sourceTree = "<group>"; };
		B2FFECA916EC9C2F005E495C /* dump.c */ = {isa = PBXFileReference; fileEncoding = 4; lastKnownFileType = sourcecode.c.c; name = dump.c; path = mergJSON/jansson/src/dump.c; sourceTree = "<group>"; };
		B2FFECAA16EC9C2F005E495C /* error.c */ = {isa = PBXFileReference; fileEncoding = 4; lastKnownFileType = sourcecode.c.c; name = error.c; path = mergJSON/jansson/src/error.c; sourceTree = "<group>"; };
		B2FFECAB16EC9C2F005E495C /* hashtable.c */ = {isa = PBXFileReference; fileEncoding = 4; lastKnownFileType = sourcecode.c.c; name = hashtable.c; path = mergJSON/jansson/src/hashtable.c; sourceTree = "<group>"; };
		B2FFECAC16EC9C2F005E495C /* load.c */ = {isa = PBXFileReference; fileEncoding = 4; lastKnownFileType = sourcecode.c.c; name = load.c; path = mergJSON/jansson/src/load.c; sourceTree = "<group>"; };
		B2FFECAD16EC9C2F005E495C /* memory.c */ = {isa = PBXFileReference; fileEncoding = 4; lastKnownFileType = sourcecode.c.c; name = memory.c; path = mergJSON/jansson/src/memory.c; sourceTree = "<group>"; };
		B2FFECAE16EC9C2F005E495C /* pack_unpack.c */ = {isa = PBXFileReference; fileEncoding = 4; lastKnownFileType = sourcecode.c.c; name = pack_unpack.c; path = mergJSON/jansson/src/pack_unpack.c; sourceTree = "<group>"; };
		B2FFECAF16EC9C2F005E495C /* strbuffer.c */ = {isa = PBXFileReference; fileEncoding = 4; lastKnownFileType = sourcecode.c.c; name = strbuffer.c; path = mergJSON/jansson/src/strbuffer.c; sourceTree = "<group>"; };
		B2FFECB016EC9C2F005E495C /* strconv.c */ = {isa = PBXFileReference; fileEncoding = 4; lastKnownFileType = sourcecode.c.c; name = strconv.c; path = mergJSON/jansson/src/strconv.c; sourceTree = "<group>"; };
		B2FFECB116EC9C2F005E495C /* utf.c */ = {isa = PBXFileReference; fileEncoding = 4; lastKnownFileType = sourcecode.c.c; name = utf.c; path = mergJSON/jansson/src/utf.c; sourceTree = "<group>"; };
		B2FFECB216EC9C2F005E495C /* value.c */ = {isa = PBXFileReference; fileEncoding = 4; lastKnownFileType = sourcecode.c.c; name = value.c; path = mergJSON/jansson/src/value.c; sourceTree = "<group>"; };
/* End PBXFileReference section */

/* Begin PBXFrameworksBuildPhase section */
		B2662DB817684D1100E9A174 /* Frameworks */ = {
			isa = PBXFrameworksBuildPhase;
			buildActionMask = 2147483647;
			files = (
				B2662DBD17684D1100E9A174 /* Foundation.framework in Frameworks */,
			);
			runOnlyForDeploymentPostprocessing = 0;
		};
		B28F3C8A16B3F5E1009D2F35 /* Frameworks */ = {
			isa = PBXFrameworksBuildPhase;
			buildActionMask = 2147483647;
			files = (
			);
			runOnlyForDeploymentPostprocessing = 0;
		};
		B2B54CA0176EAD1C0047920A /* Frameworks */ = {
			isa = PBXFrameworksBuildPhase;
			buildActionMask = 2147483647;
			files = (
			);
			runOnlyForDeploymentPostprocessing = 0;
		};
/* End PBXFrameworksBuildPhase section */

/* Begin PBXGroup section */
		B28F3C8216B3F5E1009D2F35 = {
			isa = PBXGroup;
			children = (
				B2C267A320EE311100FB4F3D /* hashtable_seed.c */,
				B22BC38016EF3DF200865342 /* jansson.h */,
				B22BC38116EF3DF200865342 /* hashtable.h */,
				B22BC38216EF3DF200865342 /* jansson_private.h */,
				B22BC38316EF3DF200865342 /* strbuffer.h */,
				B22BC38416EF3DF200865342 /* utf.h */,
				B2FFECA916EC9C2F005E495C /* dump.c */,
				B2FFECAA16EC9C2F005E495C /* error.c */,
				B2FFECAB16EC9C2F005E495C /* hashtable.c */,
				B2FFECAC16EC9C2F005E495C /* load.c */,
				B2FFECAD16EC9C2F005E495C /* memory.c */,
				B2FFECAE16EC9C2F005E495C /* pack_unpack.c */,
				B2FFECAF16EC9C2F005E495C /* strbuffer.c */,
				B2FFECB016EC9C2F005E495C /* strconv.c */,
				B2FFECB116EC9C2F005E495C /* utf.c */,
				B2FFECB216EC9C2F005E495C /* value.c */,
				B28F3C9216B3F5E1009D2F35 /* mergJSON */,
				B28F3C8F16B3F5E1009D2F35 /* Frameworks */,
				B28F3C8E16B3F5E1009D2F35 /* Products */,
			);
			sourceTree = "<group>";
		};
		B28F3C8E16B3F5E1009D2F35 /* Products */ = {
			isa = PBXGroup;
			children = (
				B28F3C8D16B3F5E1009D2F35 /* mergJSON.bundle */,
				B2662DBB17684D1100E9A174 /* libmergJSON.a */,
				B2B54CA3176EAD1C0047920A /* mergJSON.dylib */,
			);
			name = Products;
			sourceTree = "<group>";
		};
		B28F3C8F16B3F5E1009D2F35 /* Frameworks */ = {
			isa = PBXGroup;
			children = (
				B28F3C9016B3F5E1009D2F35 /* CoreFoundation.framework */,
				B2662DBC17684D1100E9A174 /* Foundation.framework */,
				B2662DCB17684D1100E9A174 /* SenTestingKit.framework */,
				B2662DCD17684D1100E9A174 /* UIKit.framework */,
			);
			name = Frameworks;
			sourceTree = "<group>";
		};
		B28F3C9216B3F5E1009D2F35 /* mergJSON */ = {
			isa = PBXGroup;
			children = (
				B2C2679F20EE2FCA00FB4F3D /* jansson_private_config.h */,
				B285232F16B3FBF500159A3F /* mergJSON.c */,
				B22BC37D16EF3B8D00865342 /* jansson_config.h */,
				B262C13316B3F772002D4FEC /* external.c */,
				B262C13416B3F772002D4FEC /* external.h */,
				B28F3C9316B3F5E1009D2F35 /* Supporting Files */,
			);
			path = mergJSON;
			sourceTree = "<group>";
		};
		B28F3C9316B3F5E1009D2F35 /* Supporting Files */ = {
			isa = PBXGroup;
			children = (
				B28F3C9416B3F5E1009D2F35 /* mergJSON-Info.plist */,
				B28F3C9516B3F5E1009D2F35 /* InfoPlist.strings */,
			);
			name = "Supporting Files";
			sourceTree = "<group>";
		};
/* End PBXGroup section */

/* Begin PBXHeadersBuildPhase section */
		B2B54CA1176EAD1C0047920A /* Headers */ = {
			isa = PBXHeadersBuildPhase;
			buildActionMask = 2147483647;
			files = (
			);
			runOnlyForDeploymentPostprocessing = 0;
		};
/* End PBXHeadersBuildPhase section */

/* Begin PBXNativeTarget section */
		B2662DBA17684D1100E9A174 /* mergJSON-iOS */ = {
			isa = PBXNativeTarget;
			buildConfigurationList = B2662DE017684D1100E9A174 /* Build configuration list for PBXNativeTarget "mergJSON-iOS" */;
			buildPhases = (
				B2662DB717684D1100E9A174 /* Sources */,
				B2662DB817684D1100E9A174 /* Frameworks */,
				B2662DB917684D1100E9A174 /* CopyFiles */,
				B2662DEE17684EBB00E9A174 /* ShellScript */,
			);
			buildRules = (
			);
			dependencies = (
			);
			name = "mergJSON-iOS";
			productName = "mergJSON-iOS";
			productReference = B2662DBB17684D1100E9A174 /* libmergJSON.a */;
			productType = "com.apple.product-type.library.static";
		};
		B28F3C8C16B3F5E1009D2F35 /* mergJSON-OSX */ = {
			isa = PBXNativeTarget;
			buildConfigurationList = B28F3C9B16B3F5E1009D2F35 /* Build configuration list for PBXNativeTarget "mergJSON-OSX" */;
			buildPhases = (
				B28F3C8916B3F5E1009D2F35 /* Sources */,
				B28F3C8A16B3F5E1009D2F35 /* Frameworks */,
				B28F3C8B16B3F5E1009D2F35 /* Resources */,
				B2417D5216B4FCD100ACC1FB /* ShellScript */,
			);
			buildRules = (
			);
			dependencies = (
			);
			name = "mergJSON-OSX";
			productName = mergJSON;
			productReference = B28F3C8D16B3F5E1009D2F35 /* mergJSON.bundle */;
			productType = "com.apple.product-type.bundle";
		};
		B2B54CA2176EAD1C0047920A /* mergJSON-Server */ = {
			isa = PBXNativeTarget;
			buildConfigurationList = B2B54CA4176EAD1C0047920A /* Build configuration list for PBXNativeTarget "mergJSON-Server" */;
			buildPhases = (
				B2B54C9F176EAD1C0047920A /* Sources */,
				B2B54CA0176EAD1C0047920A /* Frameworks */,
				B2B54CA1176EAD1C0047920A /* Headers */,
				B2B54CB4176EAF490047920A /* ShellScript */,
			);
			buildRules = (
			);
			dependencies = (
			);
			name = "mergJSON-Server";
			productName = "mergJSON-Server";
			productReference = B2B54CA3176EAD1C0047920A /* mergJSON.dylib */;
			productType = "com.apple.product-type.library.dynamic";
		};
/* End PBXNativeTarget section */

/* Begin PBXProject section */
		B28F3C8416B3F5E1009D2F35 /* Project object */ = {
			isa = PBXProject;
			attributes = {
				LastUpgradeCheck = 0450;
				ORGANIZATIONNAME = mergExt;
			};
			buildConfigurationList = B28F3C8716B3F5E1009D2F35 /* Build configuration list for PBXProject "mergJSON" */;
			compatibilityVersion = "Xcode 3.2";
			developmentRegion = English;
			hasScannedForEncodings = 0;
			knownRegions = (
				en,
			);
			mainGroup = B28F3C8216B3F5E1009D2F35;
			productRefGroup = B28F3C8E16B3F5E1009D2F35 /* Products */;
			projectDirPath = "";
			projectRoot = "";
			targets = (
				B28F3C8C16B3F5E1009D2F35 /* mergJSON-OSX */,
				B2662DBA17684D1100E9A174 /* mergJSON-iOS */,
				B2B54CA2176EAD1C0047920A /* mergJSON-Server */,
			);
		};
/* End PBXProject section */

/* Begin PBXResourcesBuildPhase section */
		B28F3C8B16B3F5E1009D2F35 /* Resources */ = {
			isa = PBXResourcesBuildPhase;
			buildActionMask = 2147483647;
			files = (
				B28F3C9716B3F5E1009D2F35 /* InfoPlist.strings in Resources */,
			);
			runOnlyForDeploymentPostprocessing = 0;
		};
/* End PBXResourcesBuildPhase section */

/* Begin PBXShellScriptBuildPhase section */
		B2417D5216B4FCD100ACC1FB /* ShellScript */ = {
			isa = PBXShellScriptBuildPhase;
			buildActionMask = 2147483647;
			files = (
			);
			inputPaths = (
			);
			outputPaths = (
			);
			runOnlyForDeploymentPostprocessing = 0;
			shellPath = /bin/sh;
			shellScript = "cp -r \"$BUILT_PRODUCTS_DIR/$EXECUTABLE_NAME.bundle\" \"$SRCROOT/binaries\"";
		};
		B2662DEE17684EBB00E9A174 /* ShellScript */ = {
			isa = PBXShellScriptBuildPhase;
			buildActionMask = 2147483647;
			files = (
			);
			inputPaths = (
			);
			outputPaths = (
			);
			runOnlyForDeploymentPostprocessing = 0;
			shellPath = /bin/bash;
			shellScript = "export SYMBOLS=_getXtable\nsh \"$LIVECODE_SDKROOT/tools/lclink.sh\"";
		};
		B2B54CB4176EAF490047920A /* ShellScript */ = {
			isa = PBXShellScriptBuildPhase;
			buildActionMask = 2147483647;
			files = (
			);
			inputPaths = (
			);
			outputPaths = (
			);
			runOnlyForDeploymentPostprocessing = 0;
			shellPath = /bin/sh;
			shellScript = "cp \"$BUILT_PRODUCTS_DIR/$EXECUTABLE_NAME\" \"$SRCROOT/binaries/$EXECUTABLE_NAME\"\n";
		};
/* End PBXShellScriptBuildPhase section */

/* Begin PBXSourcesBuildPhase section */
		B2662DB717684D1100E9A174 /* Sources */ = {
			isa = PBXSourcesBuildPhase;
			buildActionMask = 2147483647;
			files = (
				B2662DE217684D8900E9A174 /* dump.c in Sources */,
				B2662DE317684D8900E9A174 /* error.c in Sources */,
				B2C267A120EE2FCA00FB4F3D /* jansson_private_config.h in Sources */,
				B2662DE417684D8900E9A174 /* hashtable.c in Sources */,
				B2662DE517684D8900E9A174 /* load.c in Sources */,
				B2662DE617684D8900E9A174 /* memory.c in Sources */,
				B2662DE717684D8900E9A174 /* pack_unpack.c in Sources */,
				B2662DE817684D8900E9A174 /* strbuffer.c in Sources */,
				B2662DE917684D8900E9A174 /* strconv.c in Sources */,
				B2662DEA17684D8900E9A174 /* utf.c in Sources */,
				B2662DEB17684D8900E9A174 /* value.c in Sources */,
				B2662DEC17684D8900E9A174 /* mergJSON.c in Sources */,
				B2662DED17684D8900E9A174 /* external.c in Sources */,
				B2C267A520EE311100FB4F3D /* hashtable_seed.c in Sources */,
			);
			runOnlyForDeploymentPostprocessing = 0;
		};
		B28F3C8916B3F5E1009D2F35 /* Sources */ = {
			isa = PBXSourcesBuildPhase;
			buildActionMask = 2147483647;
			files = (
				B262C13516B3F772002D4FEC /* external.c in Sources */,
				B285233016B3FBF500159A3F /* mergJSON.c in Sources */,
				B2C267A020EE2FCA00FB4F3D /* jansson_private_config.h in Sources */,
				B2FFECB316EC9C2F005E495C /* dump.c in Sources */,
				B2FFECB416EC9C2F005E495C /* error.c in Sources */,
				B2FFECB516EC9C2F005E495C /* hashtable.c in Sources */,
				B2FFECB616EC9C2F005E495C /* load.c in Sources */,
				B2FFECB716EC9C2F005E495C /* memory.c in Sources */,
				B2FFECB816EC9C2F005E495C /* pack_unpack.c in Sources */,
				B2FFECB916EC9C2F005E495C /* strbuffer.c in Sources */,
				B2FFECBA16EC9C2F005E495C /* strconv.c in Sources */,
				B2FFECBB16EC9C2F005E495C /* utf.c in Sources */,
				B2FFECBC16EC9C2F005E495C /* value.c in Sources */,
				B2C267A420EE311100FB4F3D /* hashtable_seed.c in Sources */,
			);
			runOnlyForDeploymentPostprocessing = 0;
		};
		B2B54C9F176EAD1C0047920A /* Sources */ = {
			isa = PBXSourcesBuildPhase;
			buildActionMask = 2147483647;
			files = (
				B2B54CA7176EAD490047920A /* dump.c in Sources */,
				B2B54CA8176EAD490047920A /* error.c in Sources */,
				B2C267A220EE2FCA00FB4F3D /* jansson_private_config.h in Sources */,
				B2B54CA9176EAD490047920A /* hashtable.c in Sources */,
				B2B54CAA176EAD490047920A /* load.c in Sources */,
				B2B54CAB176EAD490047920A /* memory.c in Sources */,
				B2B54CAC176EAD490047920A /* pack_unpack.c in Sources */,
				B2B54CAD176EAD490047920A /* strbuffer.c in Sources */,
				B2B54CAE176EAD490047920A /* strconv.c in Sources */,
				B2B54CAF176EAD490047920A /* utf.c in Sources */,
				B2B54CB0176EAD490047920A /* value.c in Sources */,
				B2B54CB1176EAD4E0047920A /* mergJSON.c in Sources */,
				B2B54CB2176EAD4E0047920A /* external.c in Sources */,
				B2C267A620EE311100FB4F3D /* hashtable_seed.c in Sources */,
			);
			runOnlyForDeploymentPostprocessing = 0;
		};
/* End PBXSourcesBuildPhase section */

/* Begin PBXVariantGroup section */
		B28F3C9516B3F5E1009D2F35 /* InfoPlist.strings */ = {
			isa = PBXVariantGroup;
			children = (
				B28F3C9616B3F5E1009D2F35 /* en */,
			);
			name = InfoPlist.strings;
			sourceTree = "<group>";
		};
/* End PBXVariantGroup section */

/* Begin XCBuildConfiguration section */
		B2662DDC17684D1100E9A174 /* Debug */ = {
			isa = XCBuildConfiguration;
			buildSettings = {
				ALWAYS_SEARCH_USER_PATHS = YES;
				ARCHS = "$(ARCHS_STANDARD)";
				CLANG_WARN_CONSTANT_CONVERSION = YES;
				CLANG_WARN_ENUM_CONVERSION = YES;
				CLANG_WARN_INT_CONVERSION = YES;
				DSTROOT = /tmp/mergJSON_iOS.dst;
				ENABLE_BITCODE = NO;
				GCC_PRECOMPILE_PREFIX_HEADER = NO;
				GCC_PREFIX_HEADER = "";
				IPHONEOS_DEPLOYMENT_TARGET = 6.1;
				ONLY_ACTIVE_ARCH = NO;
				OTHER_LDFLAGS = "-ObjC";
				PRODUCT_NAME = mergJSON;
				SDKROOT = iphoneos;
				SKIP_INSTALL = YES;
				SYMROOT = build;
			};
			name = Debug;
		};
		B2662DDD17684D1100E9A174 /* Release */ = {
			isa = XCBuildConfiguration;
			buildSettings = {
				ALWAYS_SEARCH_USER_PATHS = YES;
				ARCHS = "$(ARCHS_STANDARD)";
				CLANG_WARN_CONSTANT_CONVERSION = YES;
				CLANG_WARN_ENUM_CONVERSION = YES;
				CLANG_WARN_INT_CONVERSION = YES;
				DSTROOT = /tmp/mergJSON_iOS.dst;
				ENABLE_BITCODE = NO;
				GCC_PRECOMPILE_PREFIX_HEADER = NO;
				GCC_PREFIX_HEADER = "";
				IPHONEOS_DEPLOYMENT_TARGET = 6.1;
				OTHER_LDFLAGS = "-ObjC";
				PRODUCT_NAME = mergJSON;
				SDKROOT = iphoneos;
				SKIP_INSTALL = YES;
				SYMROOT = build;
				VALIDATE_PRODUCT = YES;
			};
			name = Release;
		};
		B28F3C9916B3F5E1009D2F35 /* Debug */ = {
			isa = XCBuildConfiguration;
			buildSettings = {
				ALWAYS_SEARCH_USER_PATHS = YES;
				ARCHS = "$(ARCHS_STANDARD_32_BIT)";
				CLANG_CXX_LANGUAGE_STANDARD = "gnu++0x";
				CLANG_CXX_LIBRARY = "libc++";
				CLANG_WARN_EMPTY_BODY = YES;
				CLANG_WARN__DUPLICATE_METHOD_MATCH = YES;
				COPY_PHASE_STRIP = NO;
				GCC_C_LANGUAGE_STANDARD = gnu99;
				GCC_DYNAMIC_NO_PIC = NO;
				GCC_ENABLE_OBJC_EXCEPTIONS = YES;
				GCC_OPTIMIZATION_LEVEL = 0;
				GCC_PREPROCESSOR_DEFINITIONS = (
					"DEBUG=1",
					"$(inherited)",
				);
				GCC_SYMBOLS_PRIVATE_EXTERN = NO;
				GCC_WARN_64_TO_32_BIT_CONVERSION = YES;
				GCC_WARN_ABOUT_RETURN_TYPE = YES;
				GCC_WARN_UNINITIALIZED_AUTOS = YES;
				GCC_WARN_UNUSED_VARIABLE = YES;
				HEADER_SEARCH_PATHS = (
					"$(SRCROOT)/jansson/src",
					"$(SRCROOT)/jansson/include",
					"$(SRCROOT)/jansson/private_include",
				);
				LIVECODE_SDKROOT = "$(USER_LIBRARY_DIR)/Application Support/RunRev/Components/LiveCodeSDK";
				MACOSX_DEPLOYMENT_TARGET = 10.8;
				ONLY_ACTIVE_ARCH = YES;
				OTHER_CFLAGS = "-DHAVE_CONFIG_H=1";
				SDKROOT = macosx;
				SYMROOT = build;
				USER_HEADER_SEARCH_PATHS = "$(SRCROOT)/jansson/private_include";
			};
			name = Debug;
		};
		B28F3C9A16B3F5E1009D2F35 /* Release */ = {
			isa = XCBuildConfiguration;
			buildSettings = {
				ALWAYS_SEARCH_USER_PATHS = YES;
				ARCHS = "$(ARCHS_STANDARD_32_BIT)";
				CLANG_CXX_LANGUAGE_STANDARD = "gnu++0x";
				CLANG_CXX_LIBRARY = "libc++";
				CLANG_WARN_EMPTY_BODY = YES;
				CLANG_WARN__DUPLICATE_METHOD_MATCH = YES;
				COPY_PHASE_STRIP = YES;
				DEBUG_INFORMATION_FORMAT = "dwarf-with-dsym";
				GCC_C_LANGUAGE_STANDARD = gnu99;
				GCC_ENABLE_OBJC_EXCEPTIONS = YES;
				GCC_WARN_64_TO_32_BIT_CONVERSION = YES;
				GCC_WARN_ABOUT_RETURN_TYPE = YES;
				GCC_WARN_UNINITIALIZED_AUTOS = YES;
				GCC_WARN_UNUSED_VARIABLE = YES;
				HEADER_SEARCH_PATHS = (
					"$(SRCROOT)/jansson/src",
					"$(SRCROOT)/jansson/include",
					"$(SRCROOT)/jansson/private_include",
				);
				LIVECODE_SDKROOT = "$(USER_LIBRARY_DIR)/Application Support/RunRev/Components/LiveCodeSDK";
				MACOSX_DEPLOYMENT_TARGET = 10.8;
				OTHER_CFLAGS = "-DHAVE_CONFIG_H=1";
				SDKROOT = macosx;
				SYMROOT = build;
				USER_HEADER_SEARCH_PATHS = "$(SRCROOT)/jansson/private_include";
			};
			name = Release;
		};
		B28F3C9C16B3F5E1009D2F35 /* Debug */ = {
			isa = XCBuildConfiguration;
			buildSettings = {
				ALWAYS_SEARCH_USER_PATHS = YES;
				ARCHS = "$(ARCHS_STANDARD_32_64_BIT)";
				COMBINE_HIDPI_IMAGES = YES;
				GCC_PRECOMPILE_PREFIX_HEADER = YES;
				GCC_PREFIX_HEADER = "";
				GCC_VERSION = "";
				HEADER_SEARCH_PATHS = "$(inherited)";
				INFOPLIST_FILE = "mergJSON/mergJSON-Info.plist";
				INSTALL_PATH = "$(LOCAL_LIBRARY_DIR)/Bundles";
				LIBRARY_SEARCH_PATHS = "$(inherited)";
				MACOSX_DEPLOYMENT_TARGET = 10.4;
				PRODUCT_NAME = mergJSON;
				SDKROOT = macosx;
				VALID_ARCHS = "i386 x86_64 ppc";
				WRAPPER_EXTENSION = bundle;
			};
			name = Debug;
		};
		B28F3C9D16B3F5E1009D2F35 /* Release */ = {
			isa = XCBuildConfiguration;
			buildSettings = {
				ALWAYS_SEARCH_USER_PATHS = YES;
				ARCHS = "$(ARCHS_STANDARD_32_64_BIT)";
				COMBINE_HIDPI_IMAGES = YES;
				GCC_PRECOMPILE_PREFIX_HEADER = YES;
				GCC_PREFIX_HEADER = "";
				GCC_VERSION = "";
				HEADER_SEARCH_PATHS = "$(inherited)";
				INFOPLIST_FILE = "mergJSON/mergJSON-Info.plist";
				INSTALL_PATH = "$(LOCAL_LIBRARY_DIR)/Bundles";
				LIBRARY_SEARCH_PATHS = "$(inherited)";
				MACOSX_DEPLOYMENT_TARGET = 10.4;
				PRODUCT_NAME = mergJSON;
				SDKROOT = macosx;
				VALID_ARCHS = "i386 x86_64 ppc";
				WRAPPER_EXTENSION = bundle;
			};
			name = Release;
		};
		B2B54CA5176EAD1C0047920A /* Debug */ = {
			isa = XCBuildConfiguration;
			buildSettings = {
				ALWAYS_SEARCH_USER_PATHS = YES;
				ARCHS = (
					"$(ARCHS_STANDARD_32_BIT)",
					"$(ARCHS_STANDARD_64_BIT)",
				);
				CLANG_WARN_CONSTANT_CONVERSION = YES;
				CLANG_WARN_ENUM_CONVERSION = YES;
				CLANG_WARN_INT_CONVERSION = YES;
				EXECUTABLE_PREFIX = "";
				MACOSX_DEPLOYMENT_TARGET = 10.7;
				PRODUCT_NAME = mergJSON;
			};
			name = Debug;
		};
		B2B54CA6176EAD1C0047920A /* Release */ = {
			isa = XCBuildConfiguration;
			buildSettings = {
				ALWAYS_SEARCH_USER_PATHS = YES;
				ARCHS = (
					"$(ARCHS_STANDARD_32_BIT)",
					"$(ARCHS_STANDARD_64_BIT)",
				);
				CLANG_WARN_CONSTANT_CONVERSION = YES;
				CLANG_WARN_ENUM_CONVERSION = YES;
				CLANG_WARN_INT_CONVERSION = YES;
				EXECUTABLE_PREFIX = "";
				MACOSX_DEPLOYMENT_TARGET = 10.7;
				PRODUCT_NAME = mergJSON;
			};
			name = Release;
		};
/* End XCBuildConfiguration section */

/* Begin XCConfigurationList section */
		B2662DE017684D1100E9A174 /* Build configuration list for PBXNativeTarget "mergJSON-iOS" */ = {
			isa = XCConfigurationList;
			buildConfigurations = (
				B2662DDC17684D1100E9A174 /* Debug */,
				B2662DDD17684D1100E9A174 /* Release */,
			);
			defaultConfigurationIsVisible = 0;
			defaultConfigurationName = Release;
		};
		B28F3C8716B3F5E1009D2F35 /* Build configuration list for PBXProject "mergJSON" */ = {
			isa = XCConfigurationList;
			buildConfigurations = (
				B28F3C9916B3F5E1009D2F35 /* Debug */,
				B28F3C9A16B3F5E1009D2F35 /* Release */,
			);
			defaultConfigurationIsVisible = 0;
			defaultConfigurationName = Release;
		};
		B28F3C9B16B3F5E1009D2F35 /* Build configuration list for PBXNativeTarget "mergJSON-OSX" */ = {
			isa = XCConfigurationList;
			buildConfigurations = (
				B28F3C9C16B3F5E1009D2F35 /* Debug */,
				B28F3C9D16B3F5E1009D2F35 /* Release */,
			);
			defaultConfigurationIsVisible = 0;
			defaultConfigurationName = Release;
		};
		B2B54CA4176EAD1C0047920A /* Build configuration list for PBXNativeTarget "mergJSON-Server" */ = {
			isa = XCConfigurationList;
			buildConfigurations = (
				B2B54CA5176EAD1C0047920A /* Debug */,
				B2B54CA6176EAD1C0047920A /* Release */,
			);
			defaultConfigurationIsVisible = 0;
			defaultConfigurationName = Release;
		};
/* End XCConfigurationList section */
	};
	rootObject = B28F3C8416B3F5E1009D2F35 /* Project object */;
}
